
Microsoft Visual Studio Solution File, Format Version 12.00
# Visual Studio Version 17
VisualStudioVersion = 17.3.32922.545
MinimumVisualStudioVersion = 10.0.40219.1
Project("{FAE04EC0-301F-11D3-BF4B-00C04F79EFBC}") = "Calling Methods", "Calling Methods\Calling Methods.csproj", "{79FD0FA4-E9AA-4815-B19E-E8FB5492B402}"
EndProject
Global
	GlobalSection(SolutionConfigurationPlatforms) = preSolution
		Debug|Any CPU = Debug|Any CPU
		Release|Any CPU = Release|Any CPU
	EndGlobalSection
	GlobalSection(ProjectConfigurationPlatforms) = postSolution
		{79FD0FA4-E9AA-4815-B19E-E8FB5492B402}.Debug|Any CPU.ActiveCfg = Debug|Any CPU
		{79FD0FA4-E9AA-4815-B19E-E8FB5492B402}.Debug|Any CPU.Build.0 = Debug|Any CPU
		{79FD0FA4-E9AA-4815-B19E-E8FB5492B402}.Release|Any CPU.ActiveCfg = Release|Any CPU
		{79FD0FA4-E9AA-4815-B19E-E8FB5492B402}.Release|Any CPU.Build.0 = Release|Any CPU
	EndGlobalSection
	GlobalSection(SolutionProperties) = preSolution
		HideSolutionNode = FALSE
	EndGlobalSection
	GlobalSection(ExtensibilityGlobals) = postSolution
		SolutionGuid = {955930B3-3DDB-461C-A0FC-AE19991C4DA4}
	EndGlobalSection
EndGlobal
